
Microsoft Visual Studio Solution File, Format Version 11.00
# Visual Studio 2010
Project("{FAE04EC0-301F-11D3-BF4B-00C04F79EFBC}") = "FinanceMs.Import", "FinanceMs.Import\FinanceMs.Import.csproj", "{3AFA4332-31CE-48E5-AF85-28F6A4A8EE72}"
EndProject
Project("{FAE04EC0-301F-11D3-BF4B-00C04F79EFBC}") = "FinanceMs.Common", "FinanceMs.Common\FinanceMs.Common.csproj", "{10323FF4-0DFF-41C1-9B5A-A040E9C9AB56}"
EndProject
Project("{FAE04EC0-301F-11D3-BF4B-00C04F79EFBC}") = "FinanceMs.UploadServer", "FinanceMs.UploadServer\FinanceMs.UploadServer.csproj", "{9A2B7A5E-1F8D-4187-BBFC-09E57192281B}"
EndProject
Global
	GlobalSection(SourceCodeControl) = preSolution
		SccNumberOfProjects = 4
		SccProjectUniqueName0 = FinanceMs.Import\\FinanceMs.Import.csproj
		SccLocalPath0 = FinanceMs.Import
		CanCheckoutShared = false
		SccProjectName1 = Firefly\u0020Project
		SccLocalPath1 = .
		SccProvider1 = MSSCCI:Hansky\u0020Firefly
		CanCheckoutShared = false
		SccProjectUniqueName2 = FinanceMs.UploadServer\\FinanceMs.UploadServer.csproj
		SccLocalPath2 = FinanceMs.UploadServer
		CanCheckoutShared = false
		SccProjectUniqueName3 = FinanceMs.Common\\FinanceMs.Common.csproj
		SccLocalPath3 = FinanceMs.Common
		CanCheckoutShared = false
	EndGlobalSection
	GlobalSection(SolutionConfigurationPlatforms) = preSolution
		Debug|Any CPU = Debug|Any CPU
		Release|Any CPU = Release|Any CPU
	EndGlobalSection
	GlobalSection(ProjectConfigurationPlatforms) = postSolution
		{3AFA4332-31CE-48E5-AF85-28F6A4A8EE72}.Debug|Any CPU.ActiveCfg = Debug|Any CPU
		{3AFA4332-31CE-48E5-AF85-28F6A4A8EE72}.Debug|Any CPU.Build.0 = Debug|Any CPU
		{3AFA4332-31CE-48E5-AF85-28F6A4A8EE72}.Release|Any CPU.ActiveCfg = Release|Any CPU
		{3AFA4332-31CE-48E5-AF85-28F6A4A8EE72}.Release|Any CPU.Build.0 = Release|Any CPU
		{10323FF4-0DFF-41C1-9B5A-A040E9C9AB56}.Debug|Any CPU.ActiveCfg = Debug|Any CPU
		{10323FF4-0DFF-41C1-9B5A-A040E9C9AB56}.Debug|Any CPU.Build.0 = Debug|Any CPU
		{10323FF4-0DFF-41C1-9B5A-A040E9C9AB56}.Release|Any CPU.ActiveCfg = Release|Any CPU
		{10323FF4-0DFF-41C1-9B5A-A040E9C9AB56}.Release|Any CPU.Build.0 = Release|Any CPU
		{9A2B7A5E-1F8D-4187-BBFC-09E57192281B}.Debug|Any CPU.ActiveCfg = Debug|Any CPU
		{9A2B7A5E-1F8D-4187-BBFC-09E57192281B}.Debug|Any CPU.Build.0 = Debug|Any CPU
		{9A2B7A5E-1F8D-4187-BBFC-09E57192281B}.Release|Any CPU.ActiveCfg = Release|Any CPU
		{9A2B7A5E-1F8D-4187-BBFC-09E57192281B}.Release|Any CPU.Build.0 = Release|Any CPU
	EndGlobalSection
	GlobalSection(SolutionProperties) = preSolution
		HideSolutionNode = FALSE
	EndGlobalSection
EndGlobal
